
Microsoft Visual Studio Solution File, Format Version 12.00
Project("{FAE04EC0-301F-11D3-BF4B-00C04F79EFBC}") = "Zynt.Payment.Test.Common", "Zynt.Payment.Test\Zynt.Payment.Test.Common.csproj", "{F01378CE-BD3E-446E-8445-0C2616431083}"
EndProject
Project("{FAE04EC0-301F-11D3-BF4B-00C04F79EFBC}") = "Zynt.Payment", "..\src\Zynt.Payment\Zynt.Payment.csproj", "{259D8A4B-E598-43C2-ABC7-13822FAD3AD6}"
EndProject
Project("{FAE04EC0-301F-11D3-BF4B-00C04F79EFBC}") = "Zynt.Payment.Primitives", "..\src\Zynt.Payment.Primitives\Zynt.Payment.Primitives.csproj", "{465B7603-EC11-4CE4-9D35-D6A3184C8E30}"
EndProject
Project("{FAE04EC0-301F-11D3-BF4B-00C04F79EFBC}") = "Zynt.Payment.Test.UnitTest", "Zynt.Payment.Test.UnitTest\Zynt.Payment.Test.UnitTest.csproj", "{D0101614-B2C1-4CED-A778-E5D47A2B7731}"
EndProject
Global
	GlobalSection(SolutionConfigurationPlatforms) = preSolution
		Debug|Any CPU = Debug|Any CPU
		Debug|x64 = Debug|x64
		Debug|x86 = Debug|x86
		Release|Any CPU = Release|Any CPU
		Release|x64 = Release|x64
		Release|x86 = Release|x86
	EndGlobalSection
	GlobalSection(ProjectConfigurationPlatforms) = postSolution
		{F01378CE-BD3E-446E-8445-0C2616431083}.Debug|Any CPU.ActiveCfg = Debug|Any CPU
		{F01378CE-BD3E-446E-8445-0C2616431083}.Debug|Any CPU.Build.0 = Debug|Any CPU
		{F01378CE-BD3E-446E-8445-0C2616431083}.Debug|x64.ActiveCfg = Debug|Any CPU
		{F01378CE-BD3E-446E-8445-0C2616431083}.Debug|x64.Build.0 = Debug|Any CPU
		{F01378CE-BD3E-446E-8445-0C2616431083}.Debug|x86.ActiveCfg = Debug|Any CPU
		{F01378CE-BD3E-446E-8445-0C2616431083}.Debug|x86.Build.0 = Debug|Any CPU
		{F01378CE-BD3E-446E-8445-0C2616431083}.Release|Any CPU.ActiveCfg = Release|Any CPU
		{F01378CE-BD3E-446E-8445-0C2616431083}.Release|Any CPU.Build.0 = Release|Any CPU
		{F01378CE-BD3E-446E-8445-0C2616431083}.Release|x64.ActiveCfg = Release|Any CPU
		{F01378CE-BD3E-446E-8445-0C2616431083}.Release|x64.Build.0 = Release|Any CPU
		{F01378CE-BD3E-446E-8445-0C2616431083}.Release|x86.ActiveCfg = Release|Any CPU
		{F01378CE-BD3E-446E-8445-0C2616431083}.Release|x86.Build.0 = Release|Any CPU
		{259D8A4B-E598-43C2-ABC7-13822FAD3AD6}.Debug|Any CPU.ActiveCfg = Debug|Any CPU
		{259D8A4B-E598-43C2-ABC7-13822FAD3AD6}.Debug|Any CPU.Build.0 = Debug|Any CPU
		{259D8A4B-E598-43C2-ABC7-13822FAD3AD6}.Debug|x64.ActiveCfg = Debug|Any CPU
		{259D8A4B-E598-43C2-ABC7-13822FAD3AD6}.Debug|x64.Build.0 = Debug|Any CPU
		{259D8A4B-E598-43C2-ABC7-13822FAD3AD6}.Debug|x86.ActiveCfg = Debug|Any CPU
		{259D8A4B-E598-43C2-ABC7-13822FAD3AD6}.Debug|x86.Build.0 = Debug|Any CPU
		{259D8A4B-E598-43C2-ABC7-13822FAD3AD6}.Release|Any CPU.ActiveCfg = Release|Any CPU
		{259D8A4B-E598-43C2-ABC7-13822FAD3AD6}.Release|Any CPU.Build.0 = Release|Any CPU
		{259D8A4B-E598-43C2-ABC7-13822FAD3AD6}.Release|x64.ActiveCfg = Release|Any CPU
		{259D8A4B-E598-43C2-ABC7-13822FAD3AD6}.Release|x64.Build.0 = Release|Any CPU
		{259D8A4B-E598-43C2-ABC7-13822FAD3AD6}.Release|x86.ActiveCfg = Release|Any CPU
		{259D8A4B-E598-43C2-ABC7-13822FAD3AD6}.Release|x86.Build.0 = Release|Any CPU
		{465B7603-EC11-4CE4-9D35-D6A3184C8E30}.Debug|Any CPU.ActiveCfg = Debug|Any CPU
		{465B7603-EC11-4CE4-9D35-D6A3184C8E30}.Debug|Any CPU.Build.0 = Debug|Any CPU
		{465B7603-EC11-4CE4-9D35-D6A3184C8E30}.Debug|x64.ActiveCfg = Debug|Any CPU
		{465B7603-EC11-4CE4-9D35-D6A3184C8E30}.Debug|x64.Build.0 = Debug|Any CPU
		{465B7603-EC11-4CE4-9D35-D6A3184C8E30}.Debug|x86.ActiveCfg = Debug|Any CPU
		{465B7603-EC11-4CE4-9D35-D6A3184C8E30}.Debug|x86.Build.0 = Debug|Any CPU
		{465B7603-EC11-4CE4-9D35-D6A3184C8E30}.Release|Any CPU.ActiveCfg = Release|Any CPU
		{465B7603-EC11-4CE4-9D35-D6A3184C8E30}.Release|Any CPU.Build.0 = Release|Any CPU
		{465B7603-EC11-4CE4-9D35-D6A3184C8E30}.Release|x64.ActiveCfg = Release|Any CPU
		{465B7603-EC11-4CE4-9D35-D6A3184C8E30}.Release|x64.Build.0 = Release|Any CPU
		{465B7603-EC11-4CE4-9D35-D6A3184C8E30}.Release|x86.ActiveCfg = Release|Any CPU
		{465B7603-EC11-4CE4-9D35-D6A3184C8E30}.Release|x86.Build.0 = Release|Any CPU
		{D0101614-B2C1-4CED-A778-E5D47A2B7731}.Debug|Any CPU.ActiveCfg = Debug|Any CPU
		{D0101614-B2C1-4CED-A778-E5D47A2B7731}.Debug|Any CPU.Build.0 = Debug|Any CPU
		{D0101614-B2C1-4CED-A778-E5D47A2B7731}.Debug|x64.ActiveCfg = Debug|Any CPU
		{D0101614-B2C1-4CED-A778-E5D47A2B7731}.Debug|x64.Build.0 = Debug|Any CPU
		{D0101614-B2C1-4CED-A778-E5D47A2B7731}.Debug|x86.ActiveCfg = Debug|Any CPU
		{D0101614-B2C1-4CED-A778-E5D47A2B7731}.Debug|x86.Build.0 = Debug|Any CPU
		{D0101614-B2C1-4CED-A778-E5D47A2B7731}.Release|Any CPU.ActiveCfg = Release|Any CPU
		{D0101614-B2C1-4CED-A778-E5D47A2B7731}.Release|Any CPU.Build.0 = Release|Any CPU
		{D0101614-B2C1-4CED-A778-E5D47A2B7731}.Release|x64.ActiveCfg = Release|Any CPU
		{D0101614-B2C1-4CED-A778-E5D47A2B7731}.Release|x64.Build.0 = Release|Any CPU
		{D0101614-B2C1-4CED-A778-E5D47A2B7731}.Release|x86.ActiveCfg = Release|Any CPU
		{D0101614-B2C1-4CED-A778-E5D47A2B7731}.Release|x86.Build.0 = Release|Any CPU
	EndGlobalSection
	GlobalSection(SolutionProperties) = preSolution
		HideSolutionNode = FALSE
	EndGlobalSection
EndGlobal
